
Microsoft Visual Studio Solution File, Format Version 10.00
# Visual Studio 2008
Project("{FAE04EC0-301F-11D3-BF4B-00C04F79EFBC}") = "ION", "G.O\ION.csproj", "{8C7EBD66-50BB-4F39-89B6-097C7D678EEC}"
EndProject
Project("{FAE04EC0-301F-11D3-BF4B-00C04F79EFBC}") = "FluorineFx-3.5", "FluorineFx\FluorineFx-3.5.csproj", "{A9B8375B-579D-4F8A-B00C-F2828DB58F3A}"
EndProject
Global
	GlobalSection(SolutionConfigurationPlatforms) = preSolution
		Debug|Any CPU = Debug|Any CPU
		Debug|Mixed Platforms = Debug|Mixed Platforms
		Debug|x86 = Debug|x86
		Debug|Xbox 360 = Debug|Xbox 360
		Debug|Zune = Debug|Zune
		Release|Any CPU = Release|Any CPU
		Release|Mixed Platforms = Release|Mixed Platforms
		Release|x86 = Release|x86
		Release|Xbox 360 = Release|Xbox 360
		Release|Zune = Release|Zune
		ReleaseWithStatistics|Any CPU = ReleaseWithStatistics|Any CPU
		ReleaseWithStatistics|Mixed Platforms = ReleaseWithStatistics|Mixed Platforms
		ReleaseWithStatistics|x86 = ReleaseWithStatistics|x86
		ReleaseWithStatistics|Xbox 360 = ReleaseWithStatistics|Xbox 360
		ReleaseWithStatistics|Zune = ReleaseWithStatistics|Zune
	EndGlobalSection
	GlobalSection(ProjectConfigurationPlatforms) = postSolution
		{8C7EBD66-50BB-4F39-89B6-097C7D678EEC}.Debug|Any CPU.ActiveCfg = Debug|x86
		{8C7EBD66-50BB-4F39-89B6-097C7D678EEC}.Debug|Mixed Platforms.ActiveCfg = Debug|x86
		{8C7EBD66-50BB-4F39-89B6-097C7D678EEC}.Debug|Mixed Platforms.Build.0 = Debug|x86
		{8C7EBD66-50BB-4F39-89B6-097C7D678EEC}.Debug|x86.ActiveCfg = Debug|x86
		{8C7EBD66-50BB-4F39-89B6-097C7D678EEC}.Debug|x86.Build.0 = Debug|x86
		{8C7EBD66-50BB-4F39-89B6-097C7D678EEC}.Debug|Xbox 360.ActiveCfg = Debug|x86
		{8C7EBD66-50BB-4F39-89B6-097C7D678EEC}.Debug|Zune.ActiveCfg = Debug|x86
		{8C7EBD66-50BB-4F39-89B6-097C7D678EEC}.Release|Any CPU.ActiveCfg = Release|x86
		{8C7EBD66-50BB-4F39-89B6-097C7D678EEC}.Release|Mixed Platforms.ActiveCfg = Release|x86
		{8C7EBD66-50BB-4F39-89B6-097C7D678EEC}.Release|Mixed Platforms.Build.0 = Release|x86
		{8C7EBD66-50BB-4F39-89B6-097C7D678EEC}.Release|x86.ActiveCfg = Release|x86
		{8C7EBD66-50BB-4F39-89B6-097C7D678EEC}.Release|x86.Build.0 = Release|x86
		{8C7EBD66-50BB-4F39-89B6-097C7D678EEC}.Release|Xbox 360.ActiveCfg = Release|x86
		{8C7EBD66-50BB-4F39-89B6-097C7D678EEC}.Release|Zune.ActiveCfg = Release|x86
		{8C7EBD66-50BB-4F39-89B6-097C7D678EEC}.ReleaseWithStatistics|Any CPU.ActiveCfg = Release|x86
		{8C7EBD66-50BB-4F39-89B6-097C7D678EEC}.ReleaseWithStatistics|Mixed Platforms.ActiveCfg = Release|x86
		{8C7EBD66-50BB-4F39-89B6-097C7D678EEC}.ReleaseWithStatistics|Mixed Platforms.Build.0 = Release|x86
		{8C7EBD66-50BB-4F39-89B6-097C7D678EEC}.ReleaseWithStatistics|x86.ActiveCfg = Release|x86
		{8C7EBD66-50BB-4F39-89B6-097C7D678EEC}.ReleaseWithStatistics|x86.Build.0 = Release|x86
		{8C7EBD66-50BB-4F39-89B6-097C7D678EEC}.ReleaseWithStatistics|Xbox 360.ActiveCfg = Release|x86
		{8C7EBD66-50BB-4F39-89B6-097C7D678EEC}.ReleaseWithStatistics|Zune.ActiveCfg = Release|x86
		{7EFB35D0-357D-4B24-838C-2BBBEE49EEF1}.Debug|Any CPU.ActiveCfg = Debug|Zune
		{7EFB35D0-357D-4B24-838C-2BBBEE49EEF1}.Debug|Mixed Platforms.ActiveCfg = Debug|Zune
		{7EFB35D0-357D-4B24-838C-2BBBEE49EEF1}.Debug|x86.ActiveCfg = Debug|x86
		{7EFB35D0-357D-4B24-838C-2BBBEE49EEF1}.Debug|Xbox 360.ActiveCfg = Debug|Xbox 360
		{7EFB35D0-357D-4B24-838C-2BBBEE49EEF1}.Debug|Zune.ActiveCfg = Debug|Zune
		{7EFB35D0-357D-4B24-838C-2BBBEE49EEF1}.Release|Any CPU.ActiveCfg = Release|Zune
		{7EFB35D0-357D-4B24-838C-2BBBEE49EEF1}.Release|Mixed Platforms.ActiveCfg = Release|Zune
		{7EFB35D0-357D-4B24-838C-2BBBEE49EEF1}.Release|x86.ActiveCfg = Release|x86
		{7EFB35D0-357D-4B24-838C-2BBBEE49EEF1}.Release|Xbox 360.ActiveCfg = Release|Xbox 360
		{7EFB35D0-357D-4B24-838C-2BBBEE49EEF1}.Release|Zune.ActiveCfg = Release|Zune
		{7EFB35D0-357D-4B24-838C-2BBBEE49EEF1}.ReleaseWithStatistics|Any CPU.ActiveCfg = Release|Zune
		{7EFB35D0-357D-4B24-838C-2BBBEE49EEF1}.ReleaseWithStatistics|Mixed Platforms.ActiveCfg = Release|Zune
		{7EFB35D0-357D-4B24-838C-2BBBEE49EEF1}.ReleaseWithStatistics|x86.ActiveCfg = Release|x86
		{7EFB35D0-357D-4B24-838C-2BBBEE49EEF1}.ReleaseWithStatistics|Xbox 360.ActiveCfg = Release|Zune
		{7EFB35D0-357D-4B24-838C-2BBBEE49EEF1}.ReleaseWithStatistics|Zune.ActiveCfg = Release|Zune
		{A9B8375B-579D-4F8A-B00C-F2828DB58F3A}.Debug|Any CPU.ActiveCfg = Debug|Any CPU
		{A9B8375B-579D-4F8A-B00C-F2828DB58F3A}.Debug|Any CPU.Build.0 = Debug|Any CPU
		{A9B8375B-579D-4F8A-B00C-F2828DB58F3A}.Debug|Mixed Platforms.ActiveCfg = Debug|Any CPU
		{A9B8375B-579D-4F8A-B00C-F2828DB58F3A}.Debug|Mixed Platforms.Build.0 = Debug|Any CPU
		{A9B8375B-579D-4F8A-B00C-F2828DB58F3A}.Debug|x86.ActiveCfg = Debug|Any CPU
		{A9B8375B-579D-4F8A-B00C-F2828DB58F3A}.Debug|Xbox 360.ActiveCfg = Debug|Any CPU
		{A9B8375B-579D-4F8A-B00C-F2828DB58F3A}.Debug|Zune.ActiveCfg = Debug|Any CPU
		{A9B8375B-579D-4F8A-B00C-F2828DB58F3A}.Release|Any CPU.ActiveCfg = Release|Any CPU
		{A9B8375B-579D-4F8A-B00C-F2828DB58F3A}.Release|Any CPU.Build.0 = Release|Any CPU
		{A9B8375B-579D-4F8A-B00C-F2828DB58F3A}.Release|Mixed Platforms.ActiveCfg = Release|Any CPU
		{A9B8375B-579D-4F8A-B00C-F2828DB58F3A}.Release|Mixed Platforms.Build.0 = Release|Any CPU
		{A9B8375B-579D-4F8A-B00C-F2828DB58F3A}.Release|x86.ActiveCfg = Release|Any CPU
		{A9B8375B-579D-4F8A-B00C-F2828DB58F3A}.Release|Xbox 360.ActiveCfg = Release|Any CPU
		{A9B8375B-579D-4F8A-B00C-F2828DB58F3A}.Release|Zune.ActiveCfg = Release|Any CPU
		{A9B8375B-579D-4F8A-B00C-F2828DB58F3A}.ReleaseWithStatistics|Any CPU.ActiveCfg = Release|Any CPU
		{A9B8375B-579D-4F8A-B00C-F2828DB58F3A}.ReleaseWithStatistics|Any CPU.Build.0 = Release|Any CPU
		{A9B8375B-579D-4F8A-B00C-F2828DB58F3A}.ReleaseWithStatistics|Mixed Platforms.ActiveCfg = Release|Any CPU
		{A9B8375B-579D-4F8A-B00C-F2828DB58F3A}.ReleaseWithStatistics|Mixed Platforms.Build.0 = Release|Any CPU
		{A9B8375B-579D-4F8A-B00C-F2828DB58F3A}.ReleaseWithStatistics|x86.ActiveCfg = Release|Any CPU
		{A9B8375B-579D-4F8A-B00C-F2828DB58F3A}.ReleaseWithStatistics|Xbox 360.ActiveCfg = Release|Any CPU
		{A9B8375B-579D-4F8A-B00C-F2828DB58F3A}.ReleaseWithStatistics|Zune.ActiveCfg = Release|Any CPU
	EndGlobalSection
	GlobalSection(SolutionProperties) = preSolution
		HideSolutionNode = FALSE
	EndGlobalSection
EndGlobal
