
Microsoft Visual Studio Solution File, Format Version 10.00
# Visual Studio 2008
Project("{FAE04EC0-301F-11D3-BF4B-00C04F79EFBC}") = "ION", "G.O\ION.csproj", "{8C7EBD66-50BB-4F39-89B6-097C7D678EEC}"
EndProject
Project("{FAE04EC0-301F-11D3-BF4B-00C04F79EFBC}") = "FluorineFx-3.5", "FluorineFx\FluorineFx-3.5.csproj", "{A9B8375B-579D-4F8A-B00C-F2828DB58F3A}"
EndProject
Project("{FAE04EC0-301F-11D3-BF4B-00C04F79EFBC}") = "WindowSystem", "WindowSystem\WindowSystem.csproj", "{F20853ED-0E08-4456-BBB2-A5FC806F60A7}"
EndProject
Project("{FAE04EC0-301F-11D3-BF4B-00C04F79EFBC}") = "InputEventSystem", "InputEventSystem\InputEventSystem.csproj", "{EB30C454-C629-4B9C-B146-CB18A9F46D45}"
EndProject
Project("{FAE04EC0-301F-11D3-BF4B-00C04F79EFBC}") = "WindowSystemSkinPipeline", "WindowSystemSkinPipeline\WindowSystemSkinPipeline.csproj", "{81A42C0E-0E1F-40FF-9604-0D6AB4BEE4DD}"
EndProject
Global
	GlobalSection(SolutionConfigurationPlatforms) = preSolution
		Debug|Any CPU = Debug|Any CPU
		Debug|Mixed Platforms = Debug|Mixed Platforms
		Debug|x86 = Debug|x86
		Release|Any CPU = Release|Any CPU
		Release|Mixed Platforms = Release|Mixed Platforms
		Release|x86 = Release|x86
		ReleaseWithStatistics|Any CPU = ReleaseWithStatistics|Any CPU
		ReleaseWithStatistics|Mixed Platforms = ReleaseWithStatistics|Mixed Platforms
		ReleaseWithStatistics|x86 = ReleaseWithStatistics|x86
	EndGlobalSection
	GlobalSection(ProjectConfigurationPlatforms) = postSolution
		{8C7EBD66-50BB-4F39-89B6-097C7D678EEC}.Debug|Any CPU.ActiveCfg = Debug|x86
		{8C7EBD66-50BB-4F39-89B6-097C7D678EEC}.Debug|Mixed Platforms.ActiveCfg = Debug|x86
		{8C7EBD66-50BB-4F39-89B6-097C7D678EEC}.Debug|Mixed Platforms.Build.0 = Debug|x86
		{8C7EBD66-50BB-4F39-89B6-097C7D678EEC}.Debug|x86.ActiveCfg = Debug|x86
		{8C7EBD66-50BB-4F39-89B6-097C7D678EEC}.Debug|x86.Build.0 = Debug|x86
		{8C7EBD66-50BB-4F39-89B6-097C7D678EEC}.Release|Any CPU.ActiveCfg = Release|x86
		{8C7EBD66-50BB-4F39-89B6-097C7D678EEC}.Release|Mixed Platforms.ActiveCfg = Release|x86
		{8C7EBD66-50BB-4F39-89B6-097C7D678EEC}.Release|Mixed Platforms.Build.0 = Release|x86
		{8C7EBD66-50BB-4F39-89B6-097C7D678EEC}.Release|x86.ActiveCfg = Release|x86
		{8C7EBD66-50BB-4F39-89B6-097C7D678EEC}.Release|x86.Build.0 = Release|x86
		{8C7EBD66-50BB-4F39-89B6-097C7D678EEC}.ReleaseWithStatistics|Any CPU.ActiveCfg = Release|x86
		{8C7EBD66-50BB-4F39-89B6-097C7D678EEC}.ReleaseWithStatistics|Mixed Platforms.ActiveCfg = Release|x86
		{8C7EBD66-50BB-4F39-89B6-097C7D678EEC}.ReleaseWithStatistics|x86.ActiveCfg = Release|x86
		{A9B8375B-579D-4F8A-B00C-F2828DB58F3A}.Debug|Any CPU.ActiveCfg = Debug|Any CPU
		{A9B8375B-579D-4F8A-B00C-F2828DB58F3A}.Debug|Mixed Platforms.ActiveCfg = Debug|Any CPU
		{A9B8375B-579D-4F8A-B00C-F2828DB58F3A}.Debug|Mixed Platforms.Build.0 = Debug|Any CPU
		{A9B8375B-579D-4F8A-B00C-F2828DB58F3A}.Debug|x86.ActiveCfg = Debug|x86
		{A9B8375B-579D-4F8A-B00C-F2828DB58F3A}.Debug|x86.Build.0 = Debug|x86
		{A9B8375B-579D-4F8A-B00C-F2828DB58F3A}.Release|Any CPU.ActiveCfg = Release|Any CPU
		{A9B8375B-579D-4F8A-B00C-F2828DB58F3A}.Release|Mixed Platforms.ActiveCfg = Release|x86
		{A9B8375B-579D-4F8A-B00C-F2828DB58F3A}.Release|Mixed Platforms.Build.0 = Release|x86
		{A9B8375B-579D-4F8A-B00C-F2828DB58F3A}.Release|x86.ActiveCfg = Release|x86
		{A9B8375B-579D-4F8A-B00C-F2828DB58F3A}.Release|x86.Build.0 = Release|x86
		{A9B8375B-579D-4F8A-B00C-F2828DB58F3A}.ReleaseWithStatistics|Any CPU.ActiveCfg = Release|Any CPU
		{A9B8375B-579D-4F8A-B00C-F2828DB58F3A}.ReleaseWithStatistics|Mixed Platforms.ActiveCfg = Release|Any CPU
		{A9B8375B-579D-4F8A-B00C-F2828DB58F3A}.ReleaseWithStatistics|x86.ActiveCfg = Release|Any CPU
		{F20853ED-0E08-4456-BBB2-A5FC806F60A7}.Debug|Any CPU.ActiveCfg = Debug|x86
		{F20853ED-0E08-4456-BBB2-A5FC806F60A7}.Debug|Mixed Platforms.ActiveCfg = Debug|x86
		{F20853ED-0E08-4456-BBB2-A5FC806F60A7}.Debug|Mixed Platforms.Build.0 = Debug|x86
		{F20853ED-0E08-4456-BBB2-A5FC806F60A7}.Debug|x86.ActiveCfg = Debug|x86
		{F20853ED-0E08-4456-BBB2-A5FC806F60A7}.Debug|x86.Build.0 = Debug|x86
		{F20853ED-0E08-4456-BBB2-A5FC806F60A7}.Release|Any CPU.ActiveCfg = Release|x86
		{F20853ED-0E08-4456-BBB2-A5FC806F60A7}.Release|Mixed Platforms.ActiveCfg = Release|x86
		{F20853ED-0E08-4456-BBB2-A5FC806F60A7}.Release|Mixed Platforms.Build.0 = Release|x86
		{F20853ED-0E08-4456-BBB2-A5FC806F60A7}.Release|x86.ActiveCfg = Release|x86
		{F20853ED-0E08-4456-BBB2-A5FC806F60A7}.Release|x86.Build.0 = Release|x86
		{F20853ED-0E08-4456-BBB2-A5FC806F60A7}.ReleaseWithStatistics|Any CPU.ActiveCfg = Release|x86
		{F20853ED-0E08-4456-BBB2-A5FC806F60A7}.ReleaseWithStatistics|Mixed Platforms.ActiveCfg = Release|x86
		{F20853ED-0E08-4456-BBB2-A5FC806F60A7}.ReleaseWithStatistics|Mixed Platforms.Build.0 = Release|x86
		{F20853ED-0E08-4456-BBB2-A5FC806F60A7}.ReleaseWithStatistics|x86.ActiveCfg = Release|x86
		{F20853ED-0E08-4456-BBB2-A5FC806F60A7}.ReleaseWithStatistics|x86.Build.0 = Release|x86
		{EB30C454-C629-4B9C-B146-CB18A9F46D45}.Debug|Any CPU.ActiveCfg = Debug|x86
		{EB30C454-C629-4B9C-B146-CB18A9F46D45}.Debug|Mixed Platforms.ActiveCfg = Debug|x86
		{EB30C454-C629-4B9C-B146-CB18A9F46D45}.Debug|Mixed Platforms.Build.0 = Debug|x86
		{EB30C454-C629-4B9C-B146-CB18A9F46D45}.Debug|x86.ActiveCfg = Debug|x86
		{EB30C454-C629-4B9C-B146-CB18A9F46D45}.Debug|x86.Build.0 = Debug|x86
		{EB30C454-C629-4B9C-B146-CB18A9F46D45}.Release|Any CPU.ActiveCfg = Release|x86
		{EB30C454-C629-4B9C-B146-CB18A9F46D45}.Release|Mixed Platforms.ActiveCfg = Release|x86
		{EB30C454-C629-4B9C-B146-CB18A9F46D45}.Release|Mixed Platforms.Build.0 = Release|x86
		{EB30C454-C629-4B9C-B146-CB18A9F46D45}.Release|x86.ActiveCfg = Release|x86
		{EB30C454-C629-4B9C-B146-CB18A9F46D45}.Release|x86.Build.0 = Release|x86
		{EB30C454-C629-4B9C-B146-CB18A9F46D45}.ReleaseWithStatistics|Any CPU.ActiveCfg = Release|x86
		{EB30C454-C629-4B9C-B146-CB18A9F46D45}.ReleaseWithStatistics|Mixed Platforms.ActiveCfg = Release|x86
		{EB30C454-C629-4B9C-B146-CB18A9F46D45}.ReleaseWithStatistics|Mixed Platforms.Build.0 = Release|x86
		{EB30C454-C629-4B9C-B146-CB18A9F46D45}.ReleaseWithStatistics|x86.ActiveCfg = Release|x86
		{EB30C454-C629-4B9C-B146-CB18A9F46D45}.ReleaseWithStatistics|x86.Build.0 = Release|x86
		{81A42C0E-0E1F-40FF-9604-0D6AB4BEE4DD}.Debug|Any CPU.ActiveCfg = Debug|x86
		{81A42C0E-0E1F-40FF-9604-0D6AB4BEE4DD}.Debug|Mixed Platforms.ActiveCfg = Debug|x86
		{81A42C0E-0E1F-40FF-9604-0D6AB4BEE4DD}.Debug|Mixed Platforms.Build.0 = Debug|x86
		{81A42C0E-0E1F-40FF-9604-0D6AB4BEE4DD}.Debug|x86.ActiveCfg = Debug|x86
		{81A42C0E-0E1F-40FF-9604-0D6AB4BEE4DD}.Debug|x86.Build.0 = Debug|x86
		{81A42C0E-0E1F-40FF-9604-0D6AB4BEE4DD}.Release|Any CPU.ActiveCfg = Release|x86
		{81A42C0E-0E1F-40FF-9604-0D6AB4BEE4DD}.Release|Mixed Platforms.ActiveCfg = Release|x86
		{81A42C0E-0E1F-40FF-9604-0D6AB4BEE4DD}.Release|Mixed Platforms.Build.0 = Release|x86
		{81A42C0E-0E1F-40FF-9604-0D6AB4BEE4DD}.Release|x86.ActiveCfg = Release|x86
		{81A42C0E-0E1F-40FF-9604-0D6AB4BEE4DD}.Release|x86.Build.0 = Release|x86
		{81A42C0E-0E1F-40FF-9604-0D6AB4BEE4DD}.ReleaseWithStatistics|Any CPU.ActiveCfg = Release|x86
		{81A42C0E-0E1F-40FF-9604-0D6AB4BEE4DD}.ReleaseWithStatistics|Mixed Platforms.ActiveCfg = Release|x86
		{81A42C0E-0E1F-40FF-9604-0D6AB4BEE4DD}.ReleaseWithStatistics|Mixed Platforms.Build.0 = Release|x86
		{81A42C0E-0E1F-40FF-9604-0D6AB4BEE4DD}.ReleaseWithStatistics|x86.ActiveCfg = Release|x86
		{81A42C0E-0E1F-40FF-9604-0D6AB4BEE4DD}.ReleaseWithStatistics|x86.Build.0 = Release|x86
		{7EFB35D0-357D-4B24-838C-2BBBEE49EEF1}.Debug|Any CPU.ActiveCfg = Debug|x86
		{7EFB35D0-357D-4B24-838C-2BBBEE49EEF1}.Debug|Mixed Platforms.ActiveCfg = Debug|x86
		{7EFB35D0-357D-4B24-838C-2BBBEE49EEF1}.Debug|x86.ActiveCfg = Debug|x86
		{7EFB35D0-357D-4B24-838C-2BBBEE49EEF1}.Release|Any CPU.ActiveCfg = Release|x86
		{7EFB35D0-357D-4B24-838C-2BBBEE49EEF1}.Release|Mixed Platforms.ActiveCfg = Release|x86
		{7EFB35D0-357D-4B24-838C-2BBBEE49EEF1}.Release|x86.ActiveCfg = Release|x86
		{7EFB35D0-357D-4B24-838C-2BBBEE49EEF1}.ReleaseWithStatistics|Any CPU.ActiveCfg = Release|x86
		{7EFB35D0-357D-4B24-838C-2BBBEE49EEF1}.ReleaseWithStatistics|Mixed Platforms.ActiveCfg = Release|x86
		{7EFB35D0-357D-4B24-838C-2BBBEE49EEF1}.ReleaseWithStatistics|x86.ActiveCfg = Release|x86
		{5FF0255F-A79F-40E8-BD20-E6B47C26C9C4}.Debug|Any CPU.ActiveCfg = Debug|x86
		{5FF0255F-A79F-40E8-BD20-E6B47C26C9C4}.Debug|Mixed Platforms.ActiveCfg = Debug|x86
		{5FF0255F-A79F-40E8-BD20-E6B47C26C9C4}.Debug|x86.ActiveCfg = Debug|x86
		{5FF0255F-A79F-40E8-BD20-E6B47C26C9C4}.Release|Any CPU.ActiveCfg = Release|x86
		{5FF0255F-A79F-40E8-BD20-E6B47C26C9C4}.Release|Mixed Platforms.ActiveCfg = Release|x86
		{5FF0255F-A79F-40E8-BD20-E6B47C26C9C4}.Release|x86.ActiveCfg = Release|x86
		{5FF0255F-A79F-40E8-BD20-E6B47C26C9C4}.ReleaseWithStatistics|Any CPU.ActiveCfg = Release|x86
		{5FF0255F-A79F-40E8-BD20-E6B47C26C9C4}.ReleaseWithStatistics|Mixed Platforms.ActiveCfg = Release|x86
		{5FF0255F-A79F-40E8-BD20-E6B47C26C9C4}.ReleaseWithStatistics|x86.ActiveCfg = Release|x86
		{22884F8A-8596-4AA9-92B5-B4BC49F25021}.Debug|Any CPU.ActiveCfg = Debug|x86
		{22884F8A-8596-4AA9-92B5-B4BC49F25021}.Debug|Mixed Platforms.ActiveCfg = Debug|x86
		{22884F8A-8596-4AA9-92B5-B4BC49F25021}.Debug|x86.ActiveCfg = Debug|x86
		{22884F8A-8596-4AA9-92B5-B4BC49F25021}.Release|Any CPU.ActiveCfg = Release|x86
		{22884F8A-8596-4AA9-92B5-B4BC49F25021}.Release|Mixed Platforms.ActiveCfg = Release|x86
		{22884F8A-8596-4AA9-92B5-B4BC49F25021}.Release|x86.ActiveCfg = Release|x86
		{22884F8A-8596-4AA9-92B5-B4BC49F25021}.ReleaseWithStatistics|Any CPU.ActiveCfg = Release|x86
		{22884F8A-8596-4AA9-92B5-B4BC49F25021}.ReleaseWithStatistics|Mixed Platforms.ActiveCfg = Release|x86
		{22884F8A-8596-4AA9-92B5-B4BC49F25021}.ReleaseWithStatistics|x86.ActiveCfg = Release|x86
		{39D7C29F-7B8B-4FEF-A728-0FBA8E2032B2}.Debug|Any CPU.ActiveCfg = Debug|x86
		{39D7C29F-7B8B-4FEF-A728-0FBA8E2032B2}.Debug|Mixed Platforms.ActiveCfg = Debug|x86
		{39D7C29F-7B8B-4FEF-A728-0FBA8E2032B2}.Debug|x86.ActiveCfg = Debug|x86
		{39D7C29F-7B8B-4FEF-A728-0FBA8E2032B2}.Release|Any CPU.ActiveCfg = Release|x86
		{39D7C29F-7B8B-4FEF-A728-0FBA8E2032B2}.Release|Mixed Platforms.ActiveCfg = Release|x86
		{39D7C29F-7B8B-4FEF-A728-0FBA8E2032B2}.Release|x86.ActiveCfg = Release|x86
		{39D7C29F-7B8B-4FEF-A728-0FBA8E2032B2}.ReleaseWithStatistics|Any CPU.ActiveCfg = Release|x86
		{39D7C29F-7B8B-4FEF-A728-0FBA8E2032B2}.ReleaseWithStatistics|Mixed Platforms.ActiveCfg = Release|x86
		{39D7C29F-7B8B-4FEF-A728-0FBA8E2032B2}.ReleaseWithStatistics|x86.ActiveCfg = Release|x86
	EndGlobalSection
	GlobalSection(SolutionProperties) = preSolution
		HideSolutionNode = FALSE
	EndGlobalSection
EndGlobal
